// !$*UTF8*$!
{
	archiveVersion = 1;
	classes = {
	};
	objectVersion = 51;
	objects = {

/* Begin PBXBuildFile section */
		1A27F2431E55C950D8DDD580 /* Pods_Timer.framework in Frameworks */ = {isa = PBXBuildFile; fileRef = A5B82B635DC2D5A3E840F039 /* Pods_Timer.framework */; };
		C00386FE27DEE457006F418F /* AppDelegate.swift in Sources */ = {isa = PBXBuildFile; fileRef = C00386FD27DEE457006F418F /* AppDelegate.swift */; };
		C003870027DEE457006F418F /* SceneDelegate.swift in Sources */ = {isa = PBXBuildFile; fileRef = C00386FF27DEE457006F418F /* SceneDelegate.swift */; };
		C003870227DEE457006F418F /* ViewController.swift in Sources */ = {isa = PBXBuildFile; fileRef = C003870127DEE457006F418F /* ViewController.swift */; };
		C003870727DEE461006F418F /* Assets.xcassets in Resources */ = {isa = PBXBuildFile; fileRef = C003870627DEE461006F418F /* Assets.xcassets */; };
		C003870A27DEE461006F418F /* LaunchScreen.storyboard in Resources */ = {isa = PBXBuildFile; fileRef = C003870827DEE461006F418F /* LaunchScreen.storyboard */; };
		C003874527DF7CD9006F418F /* Roboto-Light.ttf in Resources */ = {isa = PBXBuildFile; fileRef = C003874227DF7CD9006F418F /* Roboto-Light.ttf */; };
		C003874627DF7CD9006F418F /* Roboto-Regular.ttf in Resources */ = {isa = PBXBuildFile; fileRef = C003874327DF7CD9006F418F /* Roboto-Regular.ttf */; };
		C003874727DF7CD9006F418F /* Roboto-Medium.ttf in Resources */ = {isa = PBXBuildFile; fileRef = C003874427DF7CD9006F418F /* Roboto-Medium.ttf */; };
		C044A2E12849C4E800FA7DCB /* Model.swift in Sources */ = {isa = PBXBuildFile; fileRef = C044A2E02849C4E800FA7DCB /* Model.swift */; };
		C044A2E32849C74E00FA7DCB /* TimerViewController.swift in Sources */ = {isa = PBXBuildFile; fileRef = C044A2E22849C74E00FA7DCB /* TimerViewController.swift */; };
		C044A2E52849CD2C00FA7DCB /* SettingViewController.swift in Sources */ = {isa = PBXBuildFile; fileRef = C044A2E42849CD2C00FA7DCB /* SettingViewController.swift */; };
		C044A2E72849EBDC00FA7DCB /* UILabel + Extension.swift in Sources */ = {isa = PBXBuildFile; fileRef = C044A2E62849EBDC00FA7DCB /* UILabel + Extension.swift */; };
		C044A2E92849ED2900FA7DCB /* UISwitch + Extension.swift in Sources */ = {isa = PBXBuildFile; fileRef = C044A2E82849ED2900FA7DCB /* UISwitch + Extension.swift */; };
		C04C1E10285ED43B00DEC88A /* TimerUITests.swift in Sources */ = {isa = PBXBuildFile; fileRef = C04C1E0F285ED43B00DEC88A /* TimerUITests.swift */; };
		C04C1E12285ED43B00DEC88A /* TimerUITestsLaunchTests.swift in Sources */ = {isa = PBXBuildFile; fileRef = C04C1E11285ED43B00DEC88A /* TimerUITestsLaunchTests.swift */; };
		C0728E9B280E9759001517F5 /* CALayer + Extension.swift in Sources */ = {isa = PBXBuildFile; fileRef = C0728E9A280E9759001517F5 /* CALayer + Extension.swift */; };
		C076DF9327F1AD3000EAB555 /* ViewModel.swift in Sources */ = {isa = PBXBuildFile; fileRef = C076DF9227F1AD3000EAB555 /* ViewModel.swift */; };
		C0B1B19727E1B0540017CB22 /* UIColor + Extension.swift in Sources */ = {isa = PBXBuildFile; fileRef = C0B1B19627E1B0540017CB22 /* UIColor + Extension.swift */; };
		C0B1B19B27E1B4BF0017CB22 /* UIFont + Extension.swift in Sources */ = {isa = PBXBuildFile; fileRef = C0B1B19A27E1B4BF0017CB22 /* UIFont + Extension.swift */; };
		C0B1B1A827E330CE0017CB22 /* CAShapeLayer + Extension.swift in Sources */ = {isa = PBXBuildFile; fileRef = C0B1B1A727E330CE0017CB22 /* CAShapeLayer + Extension.swift */; };
		C0E5934F285A13EF00BAC839 /* UIViewController + Extension.swift in Sources */ = {isa = PBXBuildFile; fileRef = C0E5934E285A13EE00BAC839 /* UIViewController + Extension.swift */; };
		C0F8919A2849141300046323 /* UIButton + Extension.swift in Sources */ = {isa = PBXBuildFile; fileRef = C0F891992849141300046323 /* UIButton + Extension.swift */; };
/* End PBXBuildFile section */

/* Begin PBXContainerItemProxy section */
		C04C1E13285ED43B00DEC88A /* PBXContainerItemProxy */ = {
			isa = PBXContainerItemProxy;
			containerPortal = C00386F227DEE457006F418F /* Project object */;
			proxyType = 1;
			remoteGlobalIDString = C00386F927DEE457006F418F;
			remoteInfo = Timer;
		};
		C04C1E22285EE83C00DEC88A /* PBXContainerItemProxy */ = {
			isa = PBXContainerItemProxy;
			containerPortal = C00386F227DEE457006F418F /* Project object */;
			proxyType = 1;
			remoteGlobalIDString = C00386F927DEE457006F418F;
			remoteInfo = Timer;
		};
/* End PBXContainerItemProxy section */

/* Begin PBXFileReference section */
		A5B82B635DC2D5A3E840F039 /* Pods_Timer.framework */ = {isa = PBXFileReference; explicitFileType = wrapper.framework; includeInIndex = 0; path = Pods_Timer.framework; sourceTree = BUILT_PRODUCTS_DIR; };
		B74CC581866E602DAD6FA5CC /* Pods-Timer.release.xcconfig */ = {isa = PBXFileReference; includeInIndex = 1; lastKnownFileType = text.xcconfig; name = "Pods-Timer.release.xcconfig"; path = "Target Support Files/Pods-Timer/Pods-Timer.release.xcconfig"; sourceTree = "<group>"; };
		C00386FA27DEE457006F418F /* Timer.app */ = {isa = PBXFileReference; explicitFileType = wrapper.application; includeInIndex = 0; path = Timer.app; sourceTree = BUILT_PRODUCTS_DIR; };
		C00386FD27DEE457006F418F /* AppDelegate.swift */ = {isa = PBXFileReference; lastKnownFileType = sourcecode.swift; path = AppDelegate.swift; sourceTree = "<group>"; };
		C00386FF27DEE457006F418F /* SceneDelegate.swift */ = {isa = PBXFileReference; lastKnownFileType = sourcecode.swift; path = SceneDelegate.swift; sourceTree = "<group>"; };
		C003870127DEE457006F418F /* ViewController.swift */ = {isa = PBXFileReference; lastKnownFileType = sourcecode.swift; path = ViewController.swift; sourceTree = "<group>"; };
		C003870627DEE461006F418F /* Assets.xcassets */ = {isa = PBXFileReference; lastKnownFileType = folder.assetcatalog; path = Assets.xcassets; sourceTree = "<group>"; };
		C003870927DEE461006F418F /* Base */ = {isa = PBXFileReference; lastKnownFileType = file.storyboard; name = Base; path = Base.lproj/LaunchScreen.storyboard; sourceTree = "<group>"; };
		C003870B27DEE461006F418F /* Info.plist */ = {isa = PBXFileReference; lastKnownFileType = text.plist.xml; path = Info.plist; sourceTree = "<group>"; };
		C003874227DF7CD9006F418F /* Roboto-Light.ttf */ = {isa = PBXFileReference; lastKnownFileType = file; path = "Roboto-Light.ttf"; sourceTree = "<group>"; };
		C003874327DF7CD9006F418F /* Roboto-Regular.ttf */ = {isa = PBXFileReference; lastKnownFileType = file; path = "Roboto-Regular.ttf"; sourceTree = "<group>"; };
		C003874427DF7CD9006F418F /* Roboto-Medium.ttf */ = {isa = PBXFileReference; lastKnownFileType = file; path = "Roboto-Medium.ttf"; sourceTree = "<group>"; };
		C044A2E02849C4E800FA7DCB /* Model.swift */ = {isa = PBXFileReference; lastKnownFileType = sourcecode.swift; path = Model.swift; sourceTree = "<group>"; };
		C044A2E22849C74E00FA7DCB /* TimerViewController.swift */ = {isa = PBXFileReference; lastKnownFileType = sourcecode.swift; path = TimerViewController.swift; sourceTree = "<group>"; };
		C044A2E42849CD2C00FA7DCB /* SettingViewController.swift */ = {isa = PBXFileReference; lastKnownFileType = sourcecode.swift; path = SettingViewController.swift; sourceTree = "<group>"; };
		C044A2E62849EBDC00FA7DCB /* UILabel + Extension.swift */ = {isa = PBXFileReference; lastKnownFileType = sourcecode.swift; path = "UILabel + Extension.swift"; sourceTree = "<group>"; };
		C044A2E82849ED2900FA7DCB /* UISwitch + Extension.swift */ = {isa = PBXFileReference; lastKnownFileType = sourcecode.swift; path = "UISwitch + Extension.swift"; sourceTree = "<group>"; };
		C04C1E0D285ED43B00DEC88A /* TimerUITests.xctest */ = {isa = PBXFileReference; explicitFileType = wrapper.cfbundle; includeInIndex = 0; path = TimerUITests.xctest; sourceTree = BUILT_PRODUCTS_DIR; };
		C04C1E0F285ED43B00DEC88A /* TimerUITests.swift */ = {isa = PBXFileReference; lastKnownFileType = sourcecode.swift; path = TimerUITests.swift; sourceTree = "<group>"; };
		C04C1E11285ED43B00DEC88A /* TimerUITestsLaunchTests.swift */ = {isa = PBXFileReference; lastKnownFileType = sourcecode.swift; path = TimerUITestsLaunchTests.swift; sourceTree = "<group>"; };
		C04C1E1C285EE83C00DEC88A /* TimerUITests2.xctest */ = {isa = PBXFileReference; explicitFileType = wrapper.cfbundle; includeInIndex = 0; path = TimerUITests2.xctest; sourceTree = BUILT_PRODUCTS_DIR; };
		C0728E9A280E9759001517F5 /* CALayer + Extension.swift */ = {isa = PBXFileReference; lastKnownFileType = sourcecode.swift; path = "CALayer + Extension.swift"; sourceTree = "<group>"; };
		C076DF9227F1AD3000EAB555 /* ViewModel.swift */ = {isa = PBXFileReference; lastKnownFileType = sourcecode.swift; path = ViewModel.swift; sourceTree = "<group>"; };
		C0B1B19627E1B0540017CB22 /* UIColor + Extension.swift */ = {isa = PBXFileReference; lastKnownFileType = sourcecode.swift; path = "UIColor + Extension.swift"; sourceTree = "<group>"; };
		C0B1B19A27E1B4BF0017CB22 /* UIFont + Extension.swift */ = {isa = PBXFileReference; lastKnownFileType = sourcecode.swift; path = "UIFont + Extension.swift"; sourceTree = "<group>"; };
		C0B1B1A727E330CE0017CB22 /* CAShapeLayer + Extension.swift */ = {isa = PBXFileReference; lastKnownFileType = sourcecode.swift; path = "CAShapeLayer + Extension.swift"; sourceTree = "<group>"; };
		C0E5934E285A13EE00BAC839 /* UIViewController + Extension.swift */ = {isa = PBXFileReference; lastKnownFileType = sourcecode.swift; path = "UIViewController + Extension.swift"; sourceTree = "<group>"; };
		C0F891992849141300046323 /* UIButton + Extension.swift */ = {isa = PBXFileReference; lastKnownFileType = sourcecode.swift; path = "UIButton + Extension.swift"; sourceTree = "<group>"; };
		FA1E3E6AB6E2F909C66D9028 /* Pods-Timer.debug.xcconfig */ = {isa = PBXFileReference; includeInIndex = 1; lastKnownFileType = text.xcconfig; name = "Pods-Timer.debug.xcconfig"; path = "Target Support Files/Pods-Timer/Pods-Timer.debug.xcconfig"; sourceTree = "<group>"; };
/* End PBXFileReference section */

/* Begin PBXFrameworksBuildPhase section */
		C00386F727DEE457006F418F /* Frameworks */ = {
			isa = PBXFrameworksBuildPhase;
			buildActionMask = 2147483647;
			files = (
				1A27F2431E55C950D8DDD580 /* Pods_Timer.framework in Frameworks */,
			);
			runOnlyForDeploymentPostprocessing = 0;
		};
		C04C1E0A285ED43B00DEC88A /* Frameworks */ = {
			isa = PBXFrameworksBuildPhase;
			buildActionMask = 2147483647;
			files = (
			);
			runOnlyForDeploymentPostprocessing = 0;
		};
		C04C1E19285EE83C00DEC88A /* Frameworks */ = {
			isa = PBXFrameworksBuildPhase;
			buildActionMask = 2147483647;
			files = (
			);
			runOnlyForDeploymentPostprocessing = 0;
		};
/* End PBXFrameworksBuildPhase section */

/* Begin PBXGroup section */
		4B88B308E108C2FBA6FFE439 /* Pods */ = {
			isa = PBXGroup;
			children = (
				FA1E3E6AB6E2F909C66D9028 /* Pods-Timer.debug.xcconfig */,
				B74CC581866E602DAD6FA5CC /* Pods-Timer.release.xcconfig */,
			);
			path = Pods;
			sourceTree = "<group>";
		};
		C00386F127DEE457006F418F = {
			isa = PBXGroup;
			children = (
				C00386FC27DEE457006F418F /* Timer */,
				C04C1E0E285ED43B00DEC88A /* TimerUITests */,
				C00386FB27DEE457006F418F /* Products */,
				4B88B308E108C2FBA6FFE439 /* Pods */,
				D95AA258E824F90E3CC763E9 /* Frameworks */,
			);
			sourceTree = "<group>";
		};
		C00386FB27DEE457006F418F /* Products */ = {
			isa = PBXGroup;
			children = (
				C00386FA27DEE457006F418F /* Timer.app */,
				C04C1E0D285ED43B00DEC88A /* TimerUITests.xctest */,
				C04C1E1C285EE83C00DEC88A /* TimerUITests2.xctest */,
			);
			name = Products;
			sourceTree = "<group>";
		};
		C00386FC27DEE457006F418F /* Timer */ = {
			isa = PBXGroup;
			children = (
				C0B1B19527E1B0310017CB22 /* Extensions */,
				C003874127DF7C51006F418F /* Fonts */,
				C044A2DF2849C4D900FA7DCB /* Model */,
				C003871327DEE4BC006F418F /* View */,
				C0FA7B642848F5CA00907D75 /* ViewModel */,
				C003871227DEE492006F418F /* App */,
				C003870B27DEE461006F418F /* Info.plist */,
			);
			path = Timer;
			sourceTree = "<group>";
		};
		C003871227DEE492006F418F /* App */ = {
			isa = PBXGroup;
			children = (
				C003870627DEE461006F418F /* Assets.xcassets */,
				C00386FD27DEE457006F418F /* AppDelegate.swift */,
				C00386FF27DEE457006F418F /* SceneDelegate.swift */,
				C003870827DEE461006F418F /* LaunchScreen.storyboard */,
			);
			path = App;
			sourceTree = "<group>";
		};
		C003871327DEE4BC006F418F /* View */ = {
			isa = PBXGroup;
			children = (
				C003870127DEE457006F418F /* ViewController.swift */,
				C044A2E22849C74E00FA7DCB /* TimerViewController.swift */,
				C044A2E42849CD2C00FA7DCB /* SettingViewController.swift */,
			);
			path = View;
			sourceTree = "<group>";
		};
		C003874127DF7C51006F418F /* Fonts */ = {
			isa = PBXGroup;
			children = (
				C003874227DF7CD9006F418F /* Roboto-Light.ttf */,
				C003874427DF7CD9006F418F /* Roboto-Medium.ttf */,
				C003874327DF7CD9006F418F /* Roboto-Regular.ttf */,
			);
			path = Fonts;
			sourceTree = "<group>";
		};
		C044A2DF2849C4D900FA7DCB /* Model */ = {
			isa = PBXGroup;
			children = (
				C044A2E02849C4E800FA7DCB /* Model.swift */,
			);
			path = Model;
			sourceTree = "<group>";
		};
		C04C1E0E285ED43B00DEC88A /* TimerUITests */ = {
			isa = PBXGroup;
			children = (
				C04C1E0F285ED43B00DEC88A /* TimerUITests.swift */,
				C04C1E11285ED43B00DEC88A /* TimerUITestsLaunchTests.swift */,
			);
			path = TimerUITests;
			sourceTree = "<group>";
		};
		C0B1B19527E1B0310017CB22 /* Extensions */ = {
			isa = PBXGroup;
			children = (
				C0B1B19627E1B0540017CB22 /* UIColor + Extension.swift */,
				C0B1B19A27E1B4BF0017CB22 /* UIFont + Extension.swift */,
				C0F891992849141300046323 /* UIButton + Extension.swift */,
				C044A2E62849EBDC00FA7DCB /* UILabel + Extension.swift */,
				C044A2E82849ED2900FA7DCB /* UISwitch + Extension.swift */,
				C0E5934E285A13EE00BAC839 /* UIViewController + Extension.swift */,
				C0B1B1A727E330CE0017CB22 /* CAShapeLayer + Extension.swift */,
				C0728E9A280E9759001517F5 /* CALayer + Extension.swift */,
			);
			path = Extensions;
			sourceTree = "<group>";
		};
		C0FA7B642848F5CA00907D75 /* ViewModel */ = {
			isa = PBXGroup;
			children = (
				C076DF9227F1AD3000EAB555 /* ViewModel.swift */,
			);
			path = ViewModel;
			sourceTree = "<group>";
		};
		D95AA258E824F90E3CC763E9 /* Frameworks */ = {
			isa = PBXGroup;
			children = (
				A5B82B635DC2D5A3E840F039 /* Pods_Timer.framework */,
			);
			name = Frameworks;
			sourceTree = "<group>";
		};
/* End PBXGroup section */

/* Begin PBXNativeTarget section */
		C00386F927DEE457006F418F /* Timer */ = {
			isa = PBXNativeTarget;
			buildConfigurationList = C003870E27DEE461006F418F /* Build configuration list for PBXNativeTarget "Timer" */;
			buildPhases = (
				C3C1D58AC3DA99E038EFD2D1 /* [CP] Check Pods Manifest.lock */,
				C00386F627DEE457006F418F /* Sources */,
				C00386F727DEE457006F418F /* Frameworks */,
				C00386F827DEE457006F418F /* Resources */,
				ED3DCB2E4E869970494A6E25 /* [CP] Embed Pods Frameworks */,
			);
			buildRules = (
			);
			dependencies = (
			);
			name = Timer;
			productName = Timer;
			productReference = C00386FA27DEE457006F418F /* Timer.app */;
			productType = "com.apple.product-type.application";
		};
		C04C1E0C285ED43B00DEC88A /* TimerUITests */ = {
			isa = PBXNativeTarget;
			buildConfigurationList = C04C1E15285ED43B00DEC88A /* Build configuration list for PBXNativeTarget "TimerUITests" */;
			buildPhases = (
				C04C1E09285ED43B00DEC88A /* Sources */,
				C04C1E0A285ED43B00DEC88A /* Frameworks */,
				C04C1E0B285ED43B00DEC88A /* Resources */,
			);
			buildRules = (
			);
			dependencies = (
				C04C1E14285ED43B00DEC88A /* PBXTargetDependency */,
			);
			name = TimerUITests;
			productName = TimerUITests;
			productReference = C04C1E0D285ED43B00DEC88A /* TimerUITests.xctest */;
			productType = "com.apple.product-type.bundle.ui-testing";
		};
		C04C1E1B285EE83C00DEC88A /* TimerUITests2 */ = {
			isa = PBXNativeTarget;
			buildConfigurationList = C04C1E24285EE83C00DEC88A /* Build configuration list for PBXNativeTarget "TimerUITests2" */;
			buildPhases = (
				C04C1E18285EE83C00DEC88A /* Sources */,
				C04C1E19285EE83C00DEC88A /* Frameworks */,
				C04C1E1A285EE83C00DEC88A /* Resources */,
			);
			buildRules = (
			);
			dependencies = (
				C04C1E23285EE83C00DEC88A /* PBXTargetDependency */,
			);
			name = TimerUITests2;
			productName = TimerUITests2;
			productReference = C04C1E1C285EE83C00DEC88A /* TimerUITests2.xctest */;
			productType = "com.apple.product-type.bundle.ui-testing";
		};
/* End PBXNativeTarget section */

/* Begin PBXProject section */
		C00386F227DEE457006F418F /* Project object */ = {
			isa = PBXProject;
			attributes = {
				LastSwiftUpdateCheck = 1330;
				LastUpgradeCheck = 1240;
				TargetAttributes = {
					C00386F927DEE457006F418F = {
						CreatedOnToolsVersion = 12.4;
					};
					C04C1E0C285ED43B00DEC88A = {
						CreatedOnToolsVersion = 13.3;
						TestTargetID = C00386F927DEE457006F418F;
					};
					C04C1E1B285EE83C00DEC88A = {
						CreatedOnToolsVersion = 13.3;
						TestTargetID = C00386F927DEE457006F418F;
					};
				};
			};
			buildConfigurationList = C00386F527DEE457006F418F /* Build configuration list for PBXProject "Timer" */;
			compatibilityVersion = "Xcode 9.3";
			developmentRegion = en;
			hasScannedForEncodings = 0;
			knownRegions = (
				en,
				Base,
			);
			mainGroup = C00386F127DEE457006F418F;
			productRefGroup = C00386FB27DEE457006F418F /* Products */;
			projectDirPath = "";
			projectRoot = "";
			targets = (
				C00386F927DEE457006F418F /* Timer */,
				C04C1E0C285ED43B00DEC88A /* TimerUITests */,
				C04C1E1B285EE83C00DEC88A /* TimerUITests2 */,
			);
		};
/* End PBXProject section */

/* Begin PBXResourcesBuildPhase section */
		C00386F827DEE457006F418F /* Resources */ = {
			isa = PBXResourcesBuildPhase;
			buildActionMask = 2147483647;
			files = (
				C003874727DF7CD9006F418F /* Roboto-Medium.ttf in Resources */,
				C003870A27DEE461006F418F /* LaunchScreen.storyboard in Resources */,
				C003870727DEE461006F418F /* Assets.xcassets in Resources */,
				C003874627DF7CD9006F418F /* Roboto-Regular.ttf in Resources */,
				C003874527DF7CD9006F418F /* Roboto-Light.ttf in Resources */,
			);
			runOnlyForDeploymentPostprocessing = 0;
		};
		C04C1E0B285ED43B00DEC88A /* Resources */ = {
			isa = PBXResourcesBuildPhase;
			buildActionMask = 2147483647;
			files = (
			);
			runOnlyForDeploymentPostprocessing = 0;
		};
		C04C1E1A285EE83C00DEC88A /* Resources */ = {
			isa = PBXResourcesBuildPhase;
			buildActionMask = 2147483647;
			files = (
			);
			runOnlyForDeploymentPostprocessing = 0;
		};
/* End PBXResourcesBuildPhase section */

/* Begin PBXShellScriptBuildPhase section */
		C3C1D58AC3DA99E038EFD2D1 /* [CP] Check Pods Manifest.lock */ = {
			isa = PBXShellScriptBuildPhase;
			buildActionMask = 2147483647;
			files = (
			);
			inputFileListPaths = (
			);
			inputPaths = (
				"${PODS_PODFILE_DIR_PATH}/Podfile.lock",
				"${PODS_ROOT}/Manifest.lock",
			);
			name = "[CP] Check Pods Manifest.lock";
			outputFileListPaths = (
			);
			outputPaths = (
				"$(DERIVED_FILE_DIR)/Pods-Timer-checkManifestLockResult.txt",
			);
			runOnlyForDeploymentPostprocessing = 0;
			shellPath = /bin/sh;
			shellScript = "diff \"${PODS_PODFILE_DIR_PATH}/Podfile.lock\" \"${PODS_ROOT}/Manifest.lock\" > /dev/null\nif [ $? != 0 ] ; then\n    # print error to STDERR\n    echo \"error: The sandbox is not in sync with the Podfile.lock. Run 'pod install' or update your CocoaPods installation.\" >&2\n    exit 1\nfi\n# This output is used by Xcode 'outputs' to avoid re-running this script phase.\necho \"SUCCESS\" > \"${SCRIPT_OUTPUT_FILE_0}\"\n";
			showEnvVarsInLog = 0;
		};
		ED3DCB2E4E869970494A6E25 /* [CP] Embed Pods Frameworks */ = {
			isa = PBXShellScriptBuildPhase;
			buildActionMask = 2147483647;
			files = (
			);
			inputFileListPaths = (
				"${PODS_ROOT}/Target Support Files/Pods-Timer/Pods-Timer-frameworks-${CONFIGURATION}-input-files.xcfilelist",
			);
			name = "[CP] Embed Pods Frameworks";
			outputFileListPaths = (
				"${PODS_ROOT}/Target Support Files/Pods-Timer/Pods-Timer-frameworks-${CONFIGURATION}-output-files.xcfilelist",
			);
			runOnlyForDeploymentPostprocessing = 0;
			shellPath = /bin/sh;
			shellScript = "\"${PODS_ROOT}/Target Support Files/Pods-Timer/Pods-Timer-frameworks.sh\"\n";
			showEnvVarsInLog = 0;
		};
/* End PBXShellScriptBuildPhase section */

/* Begin PBXSourcesBuildPhase section */
		C00386F627DEE457006F418F /* Sources */ = {
			isa = PBXSourcesBuildPhase;
			buildActionMask = 2147483647;
			files = (
				C0B1B19B27E1B4BF0017CB22 /* UIFont + Extension.swift in Sources */,
				C0E5934F285A13EF00BAC839 /* UIViewController + Extension.swift in Sources */,
				C003870227DEE457006F418F /* ViewController.swift in Sources */,
				C044A2E32849C74E00FA7DCB /* TimerViewController.swift in Sources */,
				C044A2E12849C4E800FA7DCB /* Model.swift in Sources */,
				C044A2E52849CD2C00FA7DCB /* SettingViewController.swift in Sources */,
				C044A2E72849EBDC00FA7DCB /* UILabel + Extension.swift in Sources */,
				C0B1B19727E1B0540017CB22 /* UIColor + Extension.swift in Sources */,
				C0B1B1A827E330CE0017CB22 /* CAShapeLayer + Extension.swift in Sources */,
				C076DF9327F1AD3000EAB555 /* ViewModel.swift in Sources */,
				C0F8919A2849141300046323 /* UIButton + Extension.swift in Sources */,
				C00386FE27DEE457006F418F /* AppDelegate.swift in Sources */,
				C044A2E92849ED2900FA7DCB /* UISwitch + Extension.swift in Sources */,
				C003870027DEE457006F418F /* SceneDelegate.swift in Sources */,
				C0728E9B280E9759001517F5 /* CALayer + Extension.swift in Sources */,
			);
			runOnlyForDeploymentPostprocessing = 0;
		};
		C04C1E09285ED43B00DEC88A /* Sources */ = {
			isa = PBXSourcesBuildPhase;
			buildActionMask = 2147483647;
			files = (
				C04C1E12285ED43B00DEC88A /* TimerUITestsLaunchTests.swift in Sources */,
				C04C1E10285ED43B00DEC88A /* TimerUITests.swift in Sources */,
			);
			runOnlyForDeploymentPostprocessing = 0;
		};
		C04C1E18285EE83C00DEC88A /* Sources */ = {
			isa = PBXSourcesBuildPhase;
			buildActionMask = 2147483647;
			files = (
			);
			runOnlyForDeploymentPostprocessing = 0;
		};
/* End PBXSourcesBuildPhase section */

/* Begin PBXTargetDependency section */
		C04C1E14285ED43B00DEC88A /* PBXTargetDependency */ = {
			isa = PBXTargetDependency;
			target = C00386F927DEE457006F418F /* Timer */;
			targetProxy = C04C1E13285ED43B00DEC88A /* PBXContainerItemProxy */;
		};
		C04C1E23285EE83C00DEC88A /* PBXTargetDependency */ = {
			isa = PBXTargetDependency;
			target = C00386F927DEE457006F418F /* Timer */;
			targetProxy = C04C1E22285EE83C00DEC88A /* PBXContainerItemProxy */;
		};
/* End PBXTargetDependency section */

/* Begin PBXVariantGroup section */
		C003870827DEE461006F418F /* LaunchScreen.storyboard */ = {
			isa = PBXVariantGroup;
			children = (
				C003870927DEE461006F418F /* Base */,
			);
			name = LaunchScreen.storyboard;
			sourceTree = "<group>";
		};
/* End PBXVariantGroup section */

/* Begin XCBuildConfiguration section */
		C003870C27DEE461006F418F /* Debug */ = {
			isa = XCBuildConfiguration;
			buildSettings = {
				ALWAYS_SEARCH_USER_PATHS = NO;
				CLANG_ANALYZER_NONNULL = YES;
				CLANG_ANALYZER_NUMBER_OBJECT_CONVERSION = YES_AGGRESSIVE;
				CLANG_CXX_LANGUAGE_STANDARD = "gnu++14";
				CLANG_CXX_LIBRARY = "libc++";
				CLANG_ENABLE_MODULES = YES;
				CLANG_ENABLE_OBJC_ARC = YES;
				CLANG_ENABLE_OBJC_WEAK = YES;
				CLANG_WARN_BLOCK_CAPTURE_AUTORELEASING = YES;
				CLANG_WARN_BOOL_CONVERSION = YES;
				CLANG_WARN_COMMA = YES;
				CLANG_WARN_CONSTANT_CONVERSION = YES;
				CLANG_WARN_DEPRECATED_OBJC_IMPLEMENTATIONS = YES;
				CLANG_WARN_DIRECT_OBJC_ISA_USAGE = YES_ERROR;
				CLANG_WARN_DOCUMENTATION_COMMENTS = YES;
				CLANG_WARN_EMPTY_BODY = YES;
				CLANG_WARN_ENUM_CONVERSION = YES;
				CLANG_WARN_INFINITE_RECURSION = YES;
				CLANG_WARN_INT_CONVERSION = YES;
				CLANG_WARN_NON_LITERAL_NULL_CONVERSION = YES;
				CLANG_WARN_OBJC_IMPLICIT_RETAIN_SELF = YES;
				CLANG_WARN_OBJC_LITERAL_CONVERSION = YES;
				CLANG_WARN_OBJC_ROOT_CLASS = YES_ERROR;
				CLANG_WARN_QUOTED_INCLUDE_IN_FRAMEWORK_HEADER = YES;
				CLANG_WARN_RANGE_LOOP_ANALYSIS = YES;
				CLANG_WARN_STRICT_PROTOTYPES = YES;
				CLANG_WARN_SUSPICIOUS_MOVE = YES;
				CLANG_WARN_UNGUARDED_AVAILABILITY = YES_AGGRESSIVE;
				CLANG_WARN_UNREACHABLE_CODE = YES;
				CLANG_WARN__DUPLICATE_METHOD_MATCH = YES;
				COPY_PHASE_STRIP = NO;
				DEBUG_INFORMATION_FORMAT = dwarf;
				ENABLE_STRICT_OBJC_MSGSEND = YES;
				ENABLE_TESTABILITY = YES;
				GCC_C_LANGUAGE_STANDARD = gnu11;
				GCC_DYNAMIC_NO_PIC = NO;
				GCC_NO_COMMON_BLOCKS = YES;
				GCC_OPTIMIZATION_LEVEL = 0;
				GCC_PREPROCESSOR_DEFINITIONS = (
					"DEBUG=1",
					"$(inherited)",
				);
				GCC_WARN_64_TO_32_BIT_CONVERSION = YES;
				GCC_WARN_ABOUT_RETURN_TYPE = YES_ERROR;
				GCC_WARN_UNDECLARED_SELECTOR = YES;
				GCC_WARN_UNINITIALIZED_AUTOS = YES_AGGRESSIVE;
				GCC_WARN_UNUSED_FUNCTION = YES;
				GCC_WARN_UNUSED_VARIABLE = YES;
				IPHONEOS_DEPLOYMENT_TARGET = 14.4;
				MTL_ENABLE_DEBUG_INFO = INCLUDE_SOURCE;
				MTL_FAST_MATH = YES;
				ONLY_ACTIVE_ARCH = YES;
				SDKROOT = iphoneos;
				SWIFT_ACTIVE_COMPILATION_CONDITIONS = DEBUG;
				SWIFT_OPTIMIZATION_LEVEL = "-Onone";
			};
			name = Debug;
		};
		C003870D27DEE461006F418F /* Release */ = {
			isa = XCBuildConfiguration;
			buildSettings = {
				ALWAYS_SEARCH_USER_PATHS = NO;
				CLANG_ANALYZER_NONNULL = YES;
				CLANG_ANALYZER_NUMBER_OBJECT_CONVERSION = YES_AGGRESSIVE;
				CLANG_CXX_LANGUAGE_STANDARD = "gnu++14";
				CLANG_CXX_LIBRARY = "libc++";
				CLANG_ENABLE_MODULES = YES;
				CLANG_ENABLE_OBJC_ARC = YES;
				CLANG_ENABLE_OBJC_WEAK = YES;
				CLANG_WARN_BLOCK_CAPTURE_AUTORELEASING = YES;
				CLANG_WARN_BOOL_CONVERSION = YES;
				CLANG_WARN_COMMA = YES;
				CLANG_WARN_CONSTANT_CONVERSION = YES;
				CLANG_WARN_DEPRECATED_OBJC_IMPLEMENTATIONS = YES;
				CLANG_WARN_DIRECT_OBJC_ISA_USAGE = YES_ERROR;
				CLANG_WARN_DOCUMENTATION_COMMENTS = YES;
				CLANG_WARN_EMPTY_BODY = YES;
				CLANG_WARN_ENUM_CONVERSION = YES;
				CLANG_WARN_INFINITE_RECURSION = YES;
				CLANG_WARN_INT_CONVERSION = YES;
				CLANG_WARN_NON_LITERAL_NULL_CONVERSION = YES;
				CLANG_WARN_OBJC_IMPLICIT_RETAIN_SELF = YES;
				CLANG_WARN_OBJC_LITERAL_CONVERSION = YES;
				CLANG_WARN_OBJC_ROOT_CLASS = YES_ERROR;
				CLANG_WARN_QUOTED_INCLUDE_IN_FRAMEWORK_HEADER = YES;
				CLANG_WARN_RANGE_LOOP_ANALYSIS = YES;
				CLANG_WARN_STRICT_PROTOTYPES = YES;
				CLANG_WARN_SUSPICIOUS_MOVE = YES;
				CLANG_WARN_UNGUARDED_AVAILABILITY = YES_AGGRESSIVE;
				CLANG_WARN_UNREACHABLE_CODE = YES;
				CLANG_WARN__DUPLICATE_METHOD_MATCH = YES;
				COPY_PHASE_STRIP = NO;
				DEBUG_INFORMATION_FORMAT = "dwarf-with-dsym";
				ENABLE_NS_ASSERTIONS = NO;
				ENABLE_STRICT_OBJC_MSGSEND = YES;
				GCC_C_LANGUAGE_STANDARD = gnu11;
				GCC_NO_COMMON_BLOCKS = YES;
				GCC_WARN_64_TO_32_BIT_CONVERSION = YES;
				GCC_WARN_ABOUT_RETURN_TYPE = YES_ERROR;
				GCC_WARN_UNDECLARED_SELECTOR = YES;
				GCC_WARN_UNINITIALIZED_AUTOS = YES_AGGRESSIVE;
				GCC_WARN_UNUSED_FUNCTION = YES;
				GCC_WARN_UNUSED_VARIABLE = YES;
				IPHONEOS_DEPLOYMENT_TARGET = 14.4;
				MTL_ENABLE_DEBUG_INFO = NO;
				MTL_FAST_MATH = YES;
				SDKROOT = iphoneos;
				SWIFT_COMPILATION_MODE = wholemodule;
				SWIFT_OPTIMIZATION_LEVEL = "-O";
				VALIDATE_PRODUCT = YES;
			};
			name = Release;
		};
		C003870F27DEE461006F418F /* Debug */ = {
			isa = XCBuildConfiguration;
			baseConfigurationReference = FA1E3E6AB6E2F909C66D9028 /* Pods-Timer.debug.xcconfig */;
			buildSettings = {
				ASSETCATALOG_COMPILER_APPICON_NAME = AppIcon;
				ASSETCATALOG_COMPILER_GLOBAL_ACCENT_COLOR_NAME = AccentColor;
				CODE_SIGN_STYLE = Automatic;
				DEVELOPMENT_TEAM = H879PGJ74C;
				INFOPLIST_FILE = Timer/Info.plist;
				LD_RUNPATH_SEARCH_PATHS = (
					"$(inherited)",
					"@executable_path/Frameworks",
				);
				MARKETING_VERSION = 1.1;
				PRODUCT_BUNDLE_IDENTIFIER = com.eunji.Timer;
				PRODUCT_NAME = "$(TARGET_NAME)";
				SWIFT_VERSION = 5.0;
				TARGETED_DEVICE_FAMILY = "1,2";
			};
			name = Debug;
		};
		C003871027DEE461006F418F /* Release */ = {
			isa = XCBuildConfiguration;
			baseConfigurationReference = B74CC581866E602DAD6FA5CC /* Pods-Timer.release.xcconfig */;
			buildSettings = {
				ASSETCATALOG_COMPILER_APPICON_NAME = AppIcon;
				ASSETCATALOG_COMPILER_GLOBAL_ACCENT_COLOR_NAME = AccentColor;
				CODE_SIGN_STYLE = Automatic;
				DEVELOPMENT_TEAM = H879PGJ74C;
				INFOPLIST_FILE = Timer/Info.plist;
				LD_RUNPATH_SEARCH_PATHS = (
					"$(inherited)",
					"@executable_path/Frameworks",
				);
				MARKETING_VERSION = 1.1;
				PRODUCT_BUNDLE_IDENTIFIER = com.eunji.Timer;
				PRODUCT_NAME = "$(TARGET_NAME)";
				SWIFT_VERSION = 5.0;
				TARGETED_DEVICE_FAMILY = "1,2";
			};
			name = Release;
		};
		C04C1E16285ED43B00DEC88A /* Debug */ = {
			isa = XCBuildConfiguration;
			buildSettings = {
				CLANG_CXX_LANGUAGE_STANDARD = "gnu++17";
				CODE_SIGN_STYLE = Automatic;
				CURRENT_PROJECT_VERSION = 1;
				DEVELOPMENT_TEAM = H879PGJ74C;
				GENERATE_INFOPLIST_FILE = YES;
				IPHONEOS_DEPLOYMENT_TARGET = 15.4;
				MARKETING_VERSION = 1.0;
				PRODUCT_BUNDLE_IDENTIFIER = com.raywenderlich.TimerUITests;
				PRODUCT_NAME = "$(TARGET_NAME)";
				SWIFT_EMIT_LOC_STRINGS = NO;
				SWIFT_VERSION = 5.0;
				TARGETED_DEVICE_FAMILY = "1,2";
				TEST_TARGET_NAME = Timer;
			};
			name = Debug;
		};
		C04C1E17285ED43B00DEC88A /* Release */ = {
			isa = XCBuildConfiguration;
			buildSettings = {
				CLANG_CXX_LANGUAGE_STANDARD = "gnu++17";
				CODE_SIGN_STYLE = Automatic;
				CURRENT_PROJECT_VERSION = 1;
				DEVELOPMENT_TEAM = H879PGJ74C;
				GENERATE_INFOPLIST_FILE = YES;
				IPHONEOS_DEPLOYMENT_TARGET = 15.4;
				MARKETING_VERSION = 1.0;
				PRODUCT_BUNDLE_IDENTIFIER = com.raywenderlich.TimerUITests;
				PRODUCT_NAME = "$(TARGET_NAME)";
				SWIFT_EMIT_LOC_STRINGS = NO;
				SWIFT_VERSION = 5.0;
				TARGETED_DEVICE_FAMILY = "1,2";
				TEST_TARGET_NAME = Timer;
			};
			name = Release;
		};
		C04C1E25285EE83C00DEC88A /* Debug */ = {
			isa = XCBuildConfiguration;
			buildSettings = {
				CLANG_CXX_LANGUAGE_STANDARD = "gnu++17";
				CODE_SIGN_STYLE = Automatic;
				CURRENT_PROJECT_VERSION = 1;
				DEVELOPMENT_TEAM = H879PGJ74C;
				GENERATE_INFOPLIST_FILE = YES;
				IPHONEOS_DEPLOYMENT_TARGET = 15.4;
				MARKETING_VERSION = 1.0;
				PRODUCT_BUNDLE_IDENTIFIER = com.raywenderlich.TimerUITests2;
				PRODUCT_NAME = "$(TARGET_NAME)";
				SWIFT_EMIT_LOC_STRINGS = NO;
				SWIFT_VERSION = 5.0;
				TARGETED_DEVICE_FAMILY = "1,2";
				TEST_TARGET_NAME = Timer;
			};
			name = Debug;
		};
		C04C1E26285EE83C00DEC88A /* Release */ = {
			isa = XCBuildConfiguration;
			buildSettings = {
				CLANG_CXX_LANGUAGE_STANDARD = "gnu++17";
				CODE_SIGN_STYLE = Automatic;
				CURRENT_PROJECT_VERSION = 1;
				DEVELOPMENT_TEAM = H879PGJ74C;
				GENERATE_INFOPLIST_FILE = YES;
				IPHONEOS_DEPLOYMENT_TARGET = 15.4;
				MARKETING_VERSION = 1.0;
				PRODUCT_BUNDLE_IDENTIFIER = com.raywenderlich.TimerUITests2;
				PRODUCT_NAME = "$(TARGET_NAME)";
				SWIFT_EMIT_LOC_STRINGS = NO;
				SWIFT_VERSION = 5.0;
				TARGETED_DEVICE_FAMILY = "1,2";
				TEST_TARGET_NAME = Timer;
			};
			name = Release;
		};
/* End XCBuildConfiguration section */

/* Begin XCConfigurationList section */
		C00386F527DEE457006F418F /* Build configuration list for PBXProject "Timer" */ = {
			isa = XCConfigurationList;
			buildConfigurations = (
				C003870C27DEE461006F418F /* Debug */,
				C003870D27DEE461006F418F /* Release */,
			);
			defaultConfigurationIsVisible = 0;
			defaultConfigurationName = Release;
		};
		C003870E27DEE461006F418F /* Build configuration list for PBXNativeTarget "Timer" */ = {
			isa = XCConfigurationList;
			buildConfigurations = (
				C003870F27DEE461006F418F /* Debug */,
				C003871027DEE461006F418F /* Release */,
			);
			defaultConfigurationIsVisible = 0;
			defaultConfigurationName = Release;
		};
		C04C1E15285ED43B00DEC88A /* Build configuration list for PBXNativeTarget "TimerUITests" */ = {
			isa = XCConfigurationList;
			buildConfigurations = (
				C04C1E16285ED43B00DEC88A /* Debug */,
				C04C1E17285ED43B00DEC88A /* Release */,
			);
			defaultConfigurationIsVisible = 0;
			defaultConfigurationName = Release;
		};
		C04C1E24285EE83C00DEC88A /* Build configuration list for PBXNativeTarget "TimerUITests2" */ = {
			isa = XCConfigurationList;
			buildConfigurations = (
				C04C1E25285EE83C00DEC88A /* Debug */,
				C04C1E26285EE83C00DEC88A /* Release */,
			);
			defaultConfigurationIsVisible = 0;
			defaultConfigurationName = Release;
		};
/* End XCConfigurationList section */
	};
	rootObject = C00386F227DEE457006F418F /* Project object */;
}
