// !$*UTF8*$!
{
	archiveVersion = 1;
	classes = {
	};
	objectVersion = 50;
	objects = {

/* Begin PBXBuildFile section */
		C00386FE27DEE457006F418F /* AppDelegate.swift in Sources */ = {isa = PBXBuildFile; fileRef = C00386FD27DEE457006F418F /* AppDelegate.swift */; };
		C003870027DEE457006F418F /* SceneDelegate.swift in Sources */ = {isa = PBXBuildFile; fileRef = C00386FF27DEE457006F418F /* SceneDelegate.swift */; };
		C003870227DEE457006F418F /* ViewController.swift in Sources */ = {isa = PBXBuildFile; fileRef = C003870127DEE457006F418F /* ViewController.swift */; };
		C003870727DEE461006F418F /* Assets.xcassets in Resources */ = {isa = PBXBuildFile; fileRef = C003870627DEE461006F418F /* Assets.xcassets */; };
		C003870A27DEE461006F418F /* LaunchScreen.storyboard in Resources */ = {isa = PBXBuildFile; fileRef = C003870827DEE461006F418F /* LaunchScreen.storyboard */; };
		C003874527DF7CD9006F418F /* Roboto-Light.ttf in Resources */ = {isa = PBXBuildFile; fileRef = C003874227DF7CD9006F418F /* Roboto-Light.ttf */; };
		C003874627DF7CD9006F418F /* Roboto-Regular.ttf in Resources */ = {isa = PBXBuildFile; fileRef = C003874327DF7CD9006F418F /* Roboto-Regular.ttf */; };
		C003874727DF7CD9006F418F /* Roboto-Medium.ttf in Resources */ = {isa = PBXBuildFile; fileRef = C003874427DF7CD9006F418F /* Roboto-Medium.ttf */; };
		C0B1B19727E1B0540017CB22 /* UIColor + Extension.swift in Sources */ = {isa = PBXBuildFile; fileRef = C0B1B19627E1B0540017CB22 /* UIColor + Extension.swift */; };
		C0B1B19B27E1B4BF0017CB22 /* UIFont + Extension.swift in Sources */ = {isa = PBXBuildFile; fileRef = C0B1B19A27E1B4BF0017CB22 /* UIFont + Extension.swift */; };
		C0B1B1A227E2140A0017CB22 /* UIViewController + Extension.swift in Sources */ = {isa = PBXBuildFile; fileRef = C0B1B1A127E2140A0017CB22 /* UIViewController + Extension.swift */; };
		C0B1B1A827E330CE0017CB22 /* CAShapeLayer + Extension.swift in Sources */ = {isa = PBXBuildFile; fileRef = C0B1B1A727E330CE0017CB22 /* CAShapeLayer + Extension.swift */; };
		C0DAE3FB27E4B33200B82647 /* ViewModel.swift in Sources */ = {isa = PBXBuildFile; fileRef = C0DAE3FA27E4B33200B82647 /* ViewModel.swift */; };
		C0DAE40727E4C42300B82647 /* Model.swift in Sources */ = {isa = PBXBuildFile; fileRef = C0DAE40627E4C42300B82647 /* Model.swift */; };
/* End PBXBuildFile section */

/* Begin PBXFileReference section */
		C00386FA27DEE457006F418F /* Timer.app */ = {isa = PBXFileReference; explicitFileType = wrapper.application; includeInIndex = 0; path = Timer.app; sourceTree = BUILT_PRODUCTS_DIR; };
		C00386FD27DEE457006F418F /* AppDelegate.swift */ = {isa = PBXFileReference; lastKnownFileType = sourcecode.swift; path = AppDelegate.swift; sourceTree = "<group>"; };
		C00386FF27DEE457006F418F /* SceneDelegate.swift */ = {isa = PBXFileReference; lastKnownFileType = sourcecode.swift; path = SceneDelegate.swift; sourceTree = "<group>"; };
		C003870127DEE457006F418F /* ViewController.swift */ = {isa = PBXFileReference; lastKnownFileType = sourcecode.swift; path = ViewController.swift; sourceTree = "<group>"; };
		C003870627DEE461006F418F /* Assets.xcassets */ = {isa = PBXFileReference; lastKnownFileType = folder.assetcatalog; path = Assets.xcassets; sourceTree = "<group>"; };
		C003870927DEE461006F418F /* Base */ = {isa = PBXFileReference; lastKnownFileType = file.storyboard; name = Base; path = Base.lproj/LaunchScreen.storyboard; sourceTree = "<group>"; };
		C003870B27DEE461006F418F /* Info.plist */ = {isa = PBXFileReference; lastKnownFileType = text.plist.xml; path = Info.plist; sourceTree = "<group>"; };
		C003874227DF7CD9006F418F /* Roboto-Light.ttf */ = {isa = PBXFileReference; lastKnownFileType = file; path = "Roboto-Light.ttf"; sourceTree = "<group>"; };
		C003874327DF7CD9006F418F /* Roboto-Regular.ttf */ = {isa = PBXFileReference; lastKnownFileType = file; path = "Roboto-Regular.ttf"; sourceTree = "<group>"; };
		C003874427DF7CD9006F418F /* Roboto-Medium.ttf */ = {isa = PBXFileReference; lastKnownFileType = file; path = "Roboto-Medium.ttf"; sourceTree = "<group>"; };
		C0B1B19627E1B0540017CB22 /* UIColor + Extension.swift */ = {isa = PBXFileReference; lastKnownFileType = sourcecode.swift; path = "UIColor + Extension.swift"; sourceTree = "<group>"; };
		C0B1B19A27E1B4BF0017CB22 /* UIFont + Extension.swift */ = {isa = PBXFileReference; lastKnownFileType = sourcecode.swift; path = "UIFont + Extension.swift"; sourceTree = "<group>"; };
		C0B1B1A127E2140A0017CB22 /* UIViewController + Extension.swift */ = {isa = PBXFileReference; lastKnownFileType = sourcecode.swift; path = "UIViewController + Extension.swift"; sourceTree = "<group>"; };
		C0B1B1A727E330CE0017CB22 /* CAShapeLayer + Extension.swift */ = {isa = PBXFileReference; lastKnownFileType = sourcecode.swift; path = "CAShapeLayer + Extension.swift"; sourceTree = "<group>"; };
		C0DAE3FA27E4B33200B82647 /* ViewModel.swift */ = {isa = PBXFileReference; lastKnownFileType = sourcecode.swift; path = ViewModel.swift; sourceTree = "<group>"; };
		C0DAE40627E4C42300B82647 /* Model.swift */ = {isa = PBXFileReference; lastKnownFileType = sourcecode.swift; path = Model.swift; sourceTree = "<group>"; };
/* End PBXFileReference section */

/* Begin PBXFrameworksBuildPhase section */
		C00386F727DEE457006F418F /* Frameworks */ = {
			isa = PBXFrameworksBuildPhase;
			buildActionMask = 2147483647;
			files = (
			);
			runOnlyForDeploymentPostprocessing = 0;
		};
/* End PBXFrameworksBuildPhase section */

/* Begin PBXGroup section */
		C00386F127DEE457006F418F = {
			isa = PBXGroup;
			children = (
				C00386FC27DEE457006F418F /* Timer */,
				C00386FB27DEE457006F418F /* Products */,
			);
			sourceTree = "<group>";
		};
		C00386FB27DEE457006F418F /* Products */ = {
			isa = PBXGroup;
			children = (
				C00386FA27DEE457006F418F /* Timer.app */,
			);
			name = Products;
			sourceTree = "<group>";
		};
		C00386FC27DEE457006F418F /* Timer */ = {
			isa = PBXGroup;
			children = (
				C0B1B19527E1B0310017CB22 /* Extensions */,
				C003874127DF7C51006F418F /* Fonts */,
				C003871327DEE4BC006F418F /* View */,
				C003871227DEE492006F418F /* App */,
				C003870B27DEE461006F418F /* Info.plist */,
			);
			path = Timer;
			sourceTree = "<group>";
		};
		C003871227DEE492006F418F /* App */ = {
			isa = PBXGroup;
			children = (
				C003870627DEE461006F418F /* Assets.xcassets */,
				C00386FD27DEE457006F418F /* AppDelegate.swift */,
				C00386FF27DEE457006F418F /* SceneDelegate.swift */,
				C003870827DEE461006F418F /* LaunchScreen.storyboard */,
			);
			path = App;
			sourceTree = "<group>";
		};
		C003871327DEE4BC006F418F /* View */ = {
			isa = PBXGroup;
			children = (
				C003870127DEE457006F418F /* ViewController.swift */,
				C0DAE3FA27E4B33200B82647 /* ViewModel.swift */,
				C0DAE40627E4C42300B82647 /* Model.swift */,
			);
			path = View;
			sourceTree = "<group>";
		};
		C003874127DF7C51006F418F /* Fonts */ = {
			isa = PBXGroup;
			children = (
				C003874227DF7CD9006F418F /* Roboto-Light.ttf */,
				C003874427DF7CD9006F418F /* Roboto-Medium.ttf */,
				C003874327DF7CD9006F418F /* Roboto-Regular.ttf */,
			);
			path = Fonts;
			sourceTree = "<group>";
		};
		C0B1B19527E1B0310017CB22 /* Extensions */ = {
			isa = PBXGroup;
			children = (
				C0B1B19627E1B0540017CB22 /* UIColor + Extension.swift */,
				C0B1B19A27E1B4BF0017CB22 /* UIFont + Extension.swift */,
				C0B1B1A127E2140A0017CB22 /* UIViewController + Extension.swift */,
				C0B1B1A727E330CE0017CB22 /* CAShapeLayer + Extension.swift */,
			);
			path = Extensions;
			sourceTree = "<group>";
		};
/* End PBXGroup section */

/* Begin PBXNativeTarget section */
		C00386F927DEE457006F418F /* Timer */ = {
			isa = PBXNativeTarget;
			buildConfigurationList = C003870E27DEE461006F418F /* Build configuration list for PBXNativeTarget "Timer" */;
			buildPhases = (
				C00386F627DEE457006F418F /* Sources */,
				C00386F727DEE457006F418F /* Frameworks */,
				C00386F827DEE457006F418F /* Resources */,
			);
			buildRules = (
			);
			dependencies = (
			);
			name = Timer;
			productName = Timer;
			productReference = C00386FA27DEE457006F418F /* Timer.app */;
			productType = "com.apple.product-type.application";
		};
/* End PBXNativeTarget section */

/* Begin PBXProject section */
		C00386F227DEE457006F418F /* Project object */ = {
			isa = PBXProject;
			attributes = {
				LastSwiftUpdateCheck = 1240;
				LastUpgradeCheck = 1240;
				TargetAttributes = {
					C00386F927DEE457006F418F = {
						CreatedOnToolsVersion = 12.4;
					};
				};
			};
			buildConfigurationList = C00386F527DEE457006F418F /* Build configuration list for PBXProject "Timer" */;
			compatibilityVersion = "Xcode 9.3";
			developmentRegion = en;
			hasScannedForEncodings = 0;
			knownRegions = (
				en,
				Base,
			);
			mainGroup = C00386F127DEE457006F418F;
			productRefGroup = C00386FB27DEE457006F418F /* Products */;
			projectDirPath = "";
			projectRoot = "";
			targets = (
				C00386F927DEE457006F418F /* Timer */,
			);
		};
/* End PBXProject section */

/* Begin PBXResourcesBuildPhase section */
		C00386F827DEE457006F418F /* Resources */ = {
			isa = PBXResourcesBuildPhase;
			buildActionMask = 2147483647;
			files = (
				C003874727DF7CD9006F418F /* Roboto-Medium.ttf in Resources */,
				C003870A27DEE461006F418F /* LaunchScreen.storyboard in Resources */,
				C003870727DEE461006F418F /* Assets.xcassets in Resources */,
				C003874627DF7CD9006F418F /* Roboto-Regular.ttf in Resources */,
				C003874527DF7CD9006F418F /* Roboto-Light.ttf in Resources */,
			);
			runOnlyForDeploymentPostprocessing = 0;
		};
/* End PBXResourcesBuildPhase section */

/* Begin PBXSourcesBuildPhase section */
		C00386F627DEE457006F418F /* Sources */ = {
			isa = PBXSourcesBuildPhase;
			buildActionMask = 2147483647;
			files = (
				C0B1B19B27E1B4BF0017CB22 /* UIFont + Extension.swift in Sources */,
				C003870227DEE457006F418F /* ViewController.swift in Sources */,
				C0B1B19727E1B0540017CB22 /* UIColor + Extension.swift in Sources */,
				C0B1B1A827E330CE0017CB22 /* CAShapeLayer + Extension.swift in Sources */,
				C0DAE3FB27E4B33200B82647 /* ViewModel.swift in Sources */,
				C00386FE27DEE457006F418F /* AppDelegate.swift in Sources */,
				C0DAE40727E4C42300B82647 /* Model.swift in Sources */,
				C0B1B1A227E2140A0017CB22 /* UIViewController + Extension.swift in Sources */,
				C003870027DEE457006F418F /* SceneDelegate.swift in Sources */,
			);
			runOnlyForDeploymentPostprocessing = 0;
		};
/* End PBXSourcesBuildPhase section */

/* Begin PBXVariantGroup section */
		C003870827DEE461006F418F /* LaunchScreen.storyboard */ = {
			isa = PBXVariantGroup;
			children = (
				C003870927DEE461006F418F /* Base */,
			);
			name = LaunchScreen.storyboard;
			sourceTree = "<group>";
		};
/* End PBXVariantGroup section */

/* Begin XCBuildConfiguration section */
		C003870C27DEE461006F418F /* Debug */ = {
			isa = XCBuildConfiguration;
			buildSettings = {
				ALWAYS_SEARCH_USER_PATHS = NO;
				CLANG_ANALYZER_NONNULL = YES;
				CLANG_ANALYZER_NUMBER_OBJECT_CONVERSION = YES_AGGRESSIVE;
				CLANG_CXX_LANGUAGE_STANDARD = "gnu++14";
				CLANG_CXX_LIBRARY = "libc++";
				CLANG_ENABLE_MODULES = YES;
				CLANG_ENABLE_OBJC_ARC = YES;
				CLANG_ENABLE_OBJC_WEAK = YES;
				CLANG_WARN_BLOCK_CAPTURE_AUTORELEASING = YES;
				CLANG_WARN_BOOL_CONVERSION = YES;
				CLANG_WARN_COMMA = YES;
				CLANG_WARN_CONSTANT_CONVERSION = YES;
				CLANG_WARN_DEPRECATED_OBJC_IMPLEMENTATIONS = YES;
				CLANG_WARN_DIRECT_OBJC_ISA_USAGE = YES_ERROR;
				CLANG_WARN_DOCUMENTATION_COMMENTS = YES;
				CLANG_WARN_EMPTY_BODY = YES;
				CLANG_WARN_ENUM_CONVERSION = YES;
				CLANG_WARN_INFINITE_RECURSION = YES;
				CLANG_WARN_INT_CONVERSION = YES;
				CLANG_WARN_NON_LITERAL_NULL_CONVERSION = YES;
				CLANG_WARN_OBJC_IMPLICIT_RETAIN_SELF = YES;
				CLANG_WARN_OBJC_LITERAL_CONVERSION = YES;
				CLANG_WARN_OBJC_ROOT_CLASS = YES_ERROR;
				CLANG_WARN_QUOTED_INCLUDE_IN_FRAMEWORK_HEADER = YES;
				CLANG_WARN_RANGE_LOOP_ANALYSIS = YES;
				CLANG_WARN_STRICT_PROTOTYPES = YES;
				CLANG_WARN_SUSPICIOUS_MOVE = YES;
				CLANG_WARN_UNGUARDED_AVAILABILITY = YES_AGGRESSIVE;
				CLANG_WARN_UNREACHABLE_CODE = YES;
				CLANG_WARN__DUPLICATE_METHOD_MATCH = YES;
				COPY_PHASE_STRIP = NO;
				DEBUG_INFORMATION_FORMAT = dwarf;
				ENABLE_STRICT_OBJC_MSGSEND = YES;
				ENABLE_TESTABILITY = YES;
				GCC_C_LANGUAGE_STANDARD = gnu11;
				GCC_DYNAMIC_NO_PIC = NO;
				GCC_NO_COMMON_BLOCKS = YES;
				GCC_OPTIMIZATION_LEVEL = 0;
				GCC_PREPROCESSOR_DEFINITIONS = (
					"DEBUG=1",
					"$(inherited)",
				);
				GCC_WARN_64_TO_32_BIT_CONVERSION = YES;
				GCC_WARN_ABOUT_RETURN_TYPE = YES_ERROR;
				GCC_WARN_UNDECLARED_SELECTOR = YES;
				GCC_WARN_UNINITIALIZED_AUTOS = YES_AGGRESSIVE;
				GCC_WARN_UNUSED_FUNCTION = YES;
				GCC_WARN_UNUSED_VARIABLE = YES;
				IPHONEOS_DEPLOYMENT_TARGET = 14.4;
				MTL_ENABLE_DEBUG_INFO = INCLUDE_SOURCE;
				MTL_FAST_MATH = YES;
				ONLY_ACTIVE_ARCH = YES;
				SDKROOT = iphoneos;
				SWIFT_ACTIVE_COMPILATION_CONDITIONS = DEBUG;
				SWIFT_OPTIMIZATION_LEVEL = "-Onone";
			};
			name = Debug;
		};
		C003870D27DEE461006F418F /* Release */ = {
			isa = XCBuildConfiguration;
			buildSettings = {
				ALWAYS_SEARCH_USER_PATHS = NO;
				CLANG_ANALYZER_NONNULL = YES;
				CLANG_ANALYZER_NUMBER_OBJECT_CONVERSION = YES_AGGRESSIVE;
				CLANG_CXX_LANGUAGE_STANDARD = "gnu++14";
				CLANG_CXX_LIBRARY = "libc++";
				CLANG_ENABLE_MODULES = YES;
				CLANG_ENABLE_OBJC_ARC = YES;
				CLANG_ENABLE_OBJC_WEAK = YES;
				CLANG_WARN_BLOCK_CAPTURE_AUTORELEASING = YES;
				CLANG_WARN_BOOL_CONVERSION = YES;
				CLANG_WARN_COMMA = YES;
				CLANG_WARN_CONSTANT_CONVERSION = YES;
				CLANG_WARN_DEPRECATED_OBJC_IMPLEMENTATIONS = YES;
				CLANG_WARN_DIRECT_OBJC_ISA_USAGE = YES_ERROR;
				CLANG_WARN_DOCUMENTATION_COMMENTS = YES;
				CLANG_WARN_EMPTY_BODY = YES;
				CLANG_WARN_ENUM_CONVERSION = YES;
				CLANG_WARN_INFINITE_RECURSION = YES;
				CLANG_WARN_INT_CONVERSION = YES;
				CLANG_WARN_NON_LITERAL_NULL_CONVERSION = YES;
				CLANG_WARN_OBJC_IMPLICIT_RETAIN_SELF = YES;
				CLANG_WARN_OBJC_LITERAL_CONVERSION = YES;
				CLANG_WARN_OBJC_ROOT_CLASS = YES_ERROR;
				CLANG_WARN_QUOTED_INCLUDE_IN_FRAMEWORK_HEADER = YES;
				CLANG_WARN_RANGE_LOOP_ANALYSIS = YES;
				CLANG_WARN_STRICT_PROTOTYPES = YES;
				CLANG_WARN_SUSPICIOUS_MOVE = YES;
				CLANG_WARN_UNGUARDED_AVAILABILITY = YES_AGGRESSIVE;
				CLANG_WARN_UNREACHABLE_CODE = YES;
				CLANG_WARN__DUPLICATE_METHOD_MATCH = YES;
				COPY_PHASE_STRIP = NO;
				DEBUG_INFORMATION_FORMAT = "dwarf-with-dsym";
				ENABLE_NS_ASSERTIONS = NO;
				ENABLE_STRICT_OBJC_MSGSEND = YES;
				GCC_C_LANGUAGE_STANDARD = gnu11;
				GCC_NO_COMMON_BLOCKS = YES;
				GCC_WARN_64_TO_32_BIT_CONVERSION = YES;
				GCC_WARN_ABOUT_RETURN_TYPE = YES_ERROR;
				GCC_WARN_UNDECLARED_SELECTOR = YES;
				GCC_WARN_UNINITIALIZED_AUTOS = YES_AGGRESSIVE;
				GCC_WARN_UNUSED_FUNCTION = YES;
				GCC_WARN_UNUSED_VARIABLE = YES;
				IPHONEOS_DEPLOYMENT_TARGET = 14.4;
				MTL_ENABLE_DEBUG_INFO = NO;
				MTL_FAST_MATH = YES;
				SDKROOT = iphoneos;
				SWIFT_COMPILATION_MODE = wholemodule;
				SWIFT_OPTIMIZATION_LEVEL = "-O";
				VALIDATE_PRODUCT = YES;
			};
			name = Release;
		};
		C003870F27DEE461006F418F /* Debug */ = {
			isa = XCBuildConfiguration;
			buildSettings = {
				ASSETCATALOG_COMPILER_APPICON_NAME = AppIcon;
				ASSETCATALOG_COMPILER_GLOBAL_ACCENT_COLOR_NAME = AccentColor;
				CODE_SIGN_STYLE = Automatic;
				DEVELOPMENT_TEAM = H879PGJ74C;
				INFOPLIST_FILE = Timer/Info.plist;
				LD_RUNPATH_SEARCH_PATHS = (
					"$(inherited)",
					"@executable_path/Frameworks",
				);
				PRODUCT_BUNDLE_IDENTIFIER = com.eunji.Timer;
				PRODUCT_NAME = "$(TARGET_NAME)";
				SWIFT_VERSION = 5.0;
				TARGETED_DEVICE_FAMILY = "1,2";
			};
			name = Debug;
		};
		C003871027DEE461006F418F /* Release */ = {
			isa = XCBuildConfiguration;
			buildSettings = {
				ASSETCATALOG_COMPILER_APPICON_NAME = AppIcon;
				ASSETCATALOG_COMPILER_GLOBAL_ACCENT_COLOR_NAME = AccentColor;
				CODE_SIGN_STYLE = Automatic;
				DEVELOPMENT_TEAM = H879PGJ74C;
				INFOPLIST_FILE = Timer/Info.plist;
				LD_RUNPATH_SEARCH_PATHS = (
					"$(inherited)",
					"@executable_path/Frameworks",
				);
				PRODUCT_BUNDLE_IDENTIFIER = com.eunji.Timer;
				PRODUCT_NAME = "$(TARGET_NAME)";
				SWIFT_VERSION = 5.0;
				TARGETED_DEVICE_FAMILY = "1,2";
			};
			name = Release;
		};
/* End XCBuildConfiguration section */

/* Begin XCConfigurationList section */
		C00386F527DEE457006F418F /* Build configuration list for PBXProject "Timer" */ = {
			isa = XCConfigurationList;
			buildConfigurations = (
				C003870C27DEE461006F418F /* Debug */,
				C003870D27DEE461006F418F /* Release */,
			);
			defaultConfigurationIsVisible = 0;
			defaultConfigurationName = Release;
		};
		C003870E27DEE461006F418F /* Build configuration list for PBXNativeTarget "Timer" */ = {
			isa = XCConfigurationList;
			buildConfigurations = (
				C003870F27DEE461006F418F /* Debug */,
				C003871027DEE461006F418F /* Release */,
			);
			defaultConfigurationIsVisible = 0;
			defaultConfigurationName = Release;
		};
/* End XCConfigurationList section */
	};
	rootObject = C00386F227DEE457006F418F /* Project object */;
}
